
Microsoft Visual Studio Solution File, Format Version 12.00
# Visual Studio 15
VisualStudioVersion = 15.0.27428.2002
MinimumVisualStudioVersion = 10.0.40219.1
Project("{FAE04EC0-301F-11D3-BF4B-00C04F79EFBC}") = "GifteeAngular", "GifteeAngular\GifteeAngular.csproj", "{0995E02B-8530-4E3C-8E17-E021C5DAE39A}"
EndProject
Global
	GlobalSection(SolutionConfigurationPlatforms) = preSolution
		Debug|Any CPU = Debug|Any CPU
		Release|Any CPU = Release|Any CPU
	EndGlobalSection
	GlobalSection(ProjectConfigurationPlatforms) = postSolution
		{0995E02B-8530-4E3C-8E17-E021C5DAE39A}.Debug|Any CPU.ActiveCfg = Debug|Any CPU
		{0995E02B-8530-4E3C-8E17-E021C5DAE39A}.Debug|Any CPU.Build.0 = Debug|Any CPU
		{0995E02B-8530-4E3C-8E17-E021C5DAE39A}.Release|Any CPU.ActiveCfg = Release|Any CPU
		{0995E02B-8530-4E3C-8E17-E021C5DAE39A}.Release|Any CPU.Build.0 = Release|Any CPU
	EndGlobalSection
	GlobalSection(SolutionProperties) = preSolution
		HideSolutionNode = FALSE
	EndGlobalSection
	GlobalSection(ExtensibilityGlobals) = postSolution
		SolutionGuid = {C7AA0DE7-DED7-4FC0-8AFE-1AEEC0DEDFF7}
	EndGlobalSection
EndGlobal
